{
  "name": "zo-theone-upgrade",
  "version": "1.0.1",
  "lockfileVersion": 1,
  "requires": true,
  "dependencies": {
    "compare-versions": {
      "version": "3.5.0",
      "resolved": "https://registry.npmjs.org/compare-versions/-/compare-versions-3.5.0.tgz",
      "integrity": "sha512-hX+4kt2Rcwu+x1U0SsEFCn1quURjEjPEGH/cPBlpME/IidGimAdwfMU+B+xDr7et/KTR7VH2+ZqWGerv4NGs2w=="
    },
    "require-all": {
      "version": "3.0.0",
      "resolved": "https://registry.npmjs.org/require-all/-/require-all-3.0.0.tgz",
      "integrity": "sha1-Rz1JcEvjEBFc4ST3c4Ox69hnExI="
    }
  }
}
