{
  "name": "zo-theone-upgrade",
  "version": "1.1.0",
  "lockfileVersion": 1,
  "requires": true,
  "dependencies": {
    "@babel/polyfill": {
      "version": "7.8.7",
      "resolved": "https://registry.npmjs.org/@babel/polyfill/-/polyfill-7.8.7.tgz",
      "integrity": "sha512-LeSfP9bNZH2UOZgcGcZ0PIHUt1ZuHub1L3CVmEyqLxCeDLm4C5Gi8jRH8ZX2PNpDhQCo0z6y/+DIs2JlliXW8w==",
      "requires": {
        "core-js": "^2.6.5",
        "regenerator-runtime": "^0.13.4"
      }
    },
    "compare-versions": {
      "version": "3.5.0",
      "resolved": "https://registry.npmjs.org/compare-versions/-/compare-versions-3.5.0.tgz",
      "integrity": "sha512-hX+4kt2Rcwu+x1U0SsEFCn1quURjEjPEGH/cPBlpME/IidGimAdwfMU+B+xDr7et/KTR7VH2+ZqWGerv4NGs2w=="
    },
    "core-js": {
      "version": "2.6.11",
      "resolved": "https://registry.npmjs.org/core-js/-/core-js-2.6.11.tgz",
      "integrity": "sha512-5wjnpaT/3dV+XB4borEsnAYQchn00XSgTAWKDkEqv+K8KevjbzmofK6hfJ9TZIlpj2N0xQpazy7PiRQiWHqzWg=="
    },
    "deep-diff": {
      "version": "1.0.2",
      "resolved": "https://registry.npmjs.org/deep-diff/-/deep-diff-1.0.2.tgz",
      "integrity": "sha512-aWS3UIVH+NPGCD1kki+DCU9Dua032iSsO43LqQpcs4R3+dVv7tX0qBGjiVHJHjplsoUM2XRO/KB92glqc68awg=="
    },
    "lodash": {
      "version": "4.17.15",
      "resolved": "https://registry.npmjs.org/lodash/-/lodash-4.17.15.tgz",
      "integrity": "sha512-8xOcRHvCjnocdS5cpwXQXVzmmh5e5+saE2QGoeQmbKmRS6J3VQppPOIt0MnmE+4xlZoumy0GPG0D0MVIQbNA1A=="
    },
    "regenerator-runtime": {
      "version": "0.13.5",
      "resolved": "https://registry.npmjs.org/regenerator-runtime/-/regenerator-runtime-0.13.5.tgz",
      "integrity": "sha512-ZS5w8CpKFinUzOwW3c83oPeVXoNsrLsaCoLtJvAClH135j/R77RuymhiSErhm2lKcwSCIpmvIWSbDkIfAqKQlA=="
    },
    "require-all": {
      "version": "3.0.0",
      "resolved": "https://registry.npmjs.org/require-all/-/require-all-3.0.0.tgz",
      "integrity": "sha1-Rz1JcEvjEBFc4ST3c4Ox69hnExI="
    },
    "sql-formatter-plus": {
      "version": "1.3.6",
      "resolved": "https://registry.npmjs.org/sql-formatter-plus/-/sql-formatter-plus-1.3.6.tgz",
      "integrity": "sha512-3pelcpLve9GgsXshWL/59zyDkhICkXDURKjXyUN+PJqVGAt+ZmNPB2JY+hgnaQG5X9TQI7Q+WiyLEprHQAWuaQ==",
      "requires": {
        "@babel/polyfill": "^7.6.0",
        "lodash": "^4.17.15"
      }
    }
  }
}
